
Microsoft Visual Studio Solution File, Format Version 12.00
# Visual Studio 14
VisualStudioVersion = 14.0.23107.0
MinimumVisualStudioVersion = 10.0.40219.1
Project("{2150E333-8FDC-42A3-9474-1A3956D46DE8}") = "src", "src", "{FC562A9B-A0AD-4625-9D9C-690E0F5C95B7}"
EndProject
Project("{2150E333-8FDC-42A3-9474-1A3956D46DE8}") = "Solution Items", "Solution Items", "{85E05DA4-33A2-4236-970C-FBF8BC9DEB54}"
	ProjectSection(SolutionItems) = preProject
		global.json = global.json
	EndProjectSection
EndProject
Project("{8BB2217D-0F2D-49D1-97BC-3654ED321F3B}") = "Singleton", "src\Singleton\Singleton.xproj", "{A35C943F-F3E0-4E08-B9A1-D624BA30C926}"
EndProject
Global
	GlobalSection(SolutionConfigurationPlatforms) = preSolution
		Debug|Any CPU = Debug|Any CPU
		Release|Any CPU = Release|Any CPU
	EndGlobalSection
	GlobalSection(ProjectConfigurationPlatforms) = postSolution
		{A35C943F-F3E0-4E08-B9A1-D624BA30C926}.Debug|Any CPU.ActiveCfg = Debug|Any CPU
		{A35C943F-F3E0-4E08-B9A1-D624BA30C926}.Debug|Any CPU.Build.0 = Debug|Any CPU
		{A35C943F-F3E0-4E08-B9A1-D624BA30C926}.Release|Any CPU.ActiveCfg = Release|Any CPU
		{A35C943F-F3E0-4E08-B9A1-D624BA30C926}.Release|Any CPU.Build.0 = Release|Any CPU
	EndGlobalSection
	GlobalSection(SolutionProperties) = preSolution
		HideSolutionNode = FALSE
	EndGlobalSection
	GlobalSection(NestedProjects) = preSolution
		{A35C943F-F3E0-4E08-B9A1-D624BA30C926} = {FC562A9B-A0AD-4625-9D9C-690E0F5C95B7}
	EndGlobalSection
EndGlobal
